
Microsoft Visual Studio Solution File, Format Version 12.00
# Visual Studio Version 16
VisualStudioVersion = 16.0.31019.35
MinimumVisualStudioVersion = 10.0.40219.1
Project("{8BC9CEB8-8B4A-11D0-8D11-00A0C91BC942}") = "Project1", "Project1\Project1.vcxproj", "{B86B403D-5759-41DE-9F1B-2015C9019B57}"
EndProject
Global
	GlobalSection(SolutionConfigurationPlatforms) = preSolution
		Debug|x64 = Debug|x64
		Debug|x86 = Debug|x86
		Release|x64 = Release|x64
		Release|x86 = Release|x86
	EndGlobalSection
	GlobalSection(ProjectConfigurationPlatforms) = postSolution
		{B86B403D-5759-41DE-9F1B-2015C9019B57}.Debug|x64.ActiveCfg = Debug|x64
		{B86B403D-5759-41DE-9F1B-2015C9019B57}.Debug|x64.Build.0 = Debug|x64
		{B86B403D-5759-41DE-9F1B-2015C9019B57}.Debug|x86.ActiveCfg = Debug|Win32
		{B86B403D-5759-41DE-9F1B-2015C9019B57}.Debug|x86.Build.0 = Debug|Win32
		{B86B403D-5759-41DE-9F1B-2015C9019B57}.Release|x64.ActiveCfg = Release|x64
		{B86B403D-5759-41DE-9F1B-2015C9019B57}.Release|x64.Build.0 = Release|x64
		{B86B403D-5759-41DE-9F1B-2015C9019B57}.Release|x86.ActiveCfg = Release|Win32
		{B86B403D-5759-41DE-9F1B-2015C9019B57}.Release|x86.Build.0 = Release|Win32
	EndGlobalSection
	GlobalSection(SolutionProperties) = preSolution
		HideSolutionNode = FALSE
	EndGlobalSection
	GlobalSection(ExtensibilityGlobals) = postSolution
		SolutionGuid = {A11D5368-ED2A-4D58-8850-C73E51A359DC}
	EndGlobalSection
EndGlobal
